// !$*UTF8*$!
{
	archiveVersion = 1;
	classes = {
	};
	objectVersion = 46;
	objects = {

/* Begin PBXBuildFile section */
		77270D091E7EF585003B06B0 /* GameOver.swift in Sources */ = {isa = PBXBuildFile; fileRef = 77270D081E7EF585003B06B0 /* GameOver.swift */; };
		77742AE41E7E0EF900966689 /* AppDelegate.swift in Sources */ = {isa = PBXBuildFile; fileRef = 77742AE31E7E0EF900966689 /* AppDelegate.swift */; };
		77742AE61E7E0EF900966689 /* ViewController.swift in Sources */ = {isa = PBXBuildFile; fileRef = 77742AE51E7E0EF900966689 /* ViewController.swift */; };
		77742AE91E7E0EF900966689 /* Main.storyboard in Resources */ = {isa = PBXBuildFile; fileRef = 77742AE71E7E0EF900966689 /* Main.storyboard */; };
		77742AEB1E7E0EF900966689 /* Assets.xcassets in Resources */ = {isa = PBXBuildFile; fileRef = 77742AEA1E7E0EF900966689 /* Assets.xcassets */; };
		77742AEE1E7E0EF900966689 /* LaunchScreen.storyboard in Resources */ = {isa = PBXBuildFile; fileRef = 77742AEC1E7E0EF900966689 /* LaunchScreen.storyboard */; };
		77742AF91E7E0EF900966689 /* LDTimerTests.swift in Sources */ = {isa = PBXBuildFile; fileRef = 77742AF81E7E0EF900966689 /* LDTimerTests.swift */; };
		77742B041E7E0EF900966689 /* LDTimerUITests.swift in Sources */ = {isa = PBXBuildFile; fileRef = 77742B031E7E0EF900966689 /* LDTimerUITests.swift */; };
		77742B121E7E18EE00966689 /* MainTimer.swift in Sources */ = {isa = PBXBuildFile; fileRef = 77742B111E7E18EE00966689 /* MainTimer.swift */; };
		77742B141E7E299A00966689 /* PrepTime.swift in Sources */ = {isa = PBXBuildFile; fileRef = 77742B131E7E299A00966689 /* PrepTime.swift */; };
		77D168C21E7E6CD800C9D341 /* Alarm-tone.mp3 in Resources */ = {isa = PBXBuildFile; fileRef = 77D168C11E7E6CD800C9D341 /* Alarm-tone.mp3 */; };
/* End PBXBuildFile section */

/* Begin PBXContainerItemProxy section */
		77742AF51E7E0EF900966689 /* PBXContainerItemProxy */ = {
			isa = PBXContainerItemProxy;
			containerPortal = 77742AD81E7E0EF900966689 /* Project object */;
			proxyType = 1;
			remoteGlobalIDString = 77742ADF1E7E0EF900966689;
			remoteInfo = LDTimer;
		};
		77742B001E7E0EF900966689 /* PBXContainerItemProxy */ = {
			isa = PBXContainerItemProxy;
			containerPortal = 77742AD81E7E0EF900966689 /* Project object */;
			proxyType = 1;
			remoteGlobalIDString = 77742ADF1E7E0EF900966689;
			remoteInfo = LDTimer;
		};
/* End PBXContainerItemProxy section */

/* Begin PBXFileReference section */
		77270D081E7EF585003B06B0 /* GameOver.swift */ = {isa = PBXFileReference; fileEncoding = 4; lastKnownFileType = sourcecode.swift; path = GameOver.swift; sourceTree = "<group>"; };
		77742AE01E7E0EF900966689 /* Debate Timer.app */ = {isa = PBXFileReference; explicitFileType = wrapper.application; includeInIndex = 0; path = "Debate Timer.app"; sourceTree = BUILT_PRODUCTS_DIR; };
		77742AE31E7E0EF900966689 /* AppDelegate.swift */ = {isa = PBXFileReference; lastKnownFileType = sourcecode.swift; path = AppDelegate.swift; sourceTree = "<group>"; };
		77742AE51E7E0EF900966689 /* ViewController.swift */ = {isa = PBXFileReference; lastKnownFileType = sourcecode.swift; path = ViewController.swift; sourceTree = "<group>"; };
		77742AE81E7E0EF900966689 /* Base */ = {isa = PBXFileReference; lastKnownFileType = file.storyboard; name = Base; path = Base.lproj/Main.storyboard; sourceTree = "<group>"; };
		77742AEA1E7E0EF900966689 /* Assets.xcassets */ = {isa = PBXFileReference; lastKnownFileType = folder.assetcatalog; path = Assets.xcassets; sourceTree = "<group>"; };
		77742AED1E7E0EF900966689 /* Base */ = {isa = PBXFileReference; lastKnownFileType = file.storyboard; name = Base; path = Base.lproj/LaunchScreen.storyboard; sourceTree = "<group>"; };
		77742AEF1E7E0EF900966689 /* Info.plist */ = {isa = PBXFileReference; lastKnownFileType = text.plist.xml; path = Info.plist; sourceTree = "<group>"; };
		77742AF41E7E0EF900966689 /* Debate TimerTests.xctest */ = {isa = PBXFileReference; explicitFileType = wrapper.cfbundle; includeInIndex = 0; path = "Debate TimerTests.xctest"; sourceTree = BUILT_PRODUCTS_DIR; };
		77742AF81E7E0EF900966689 /* LDTimerTests.swift */ = {isa = PBXFileReference; lastKnownFileType = sourcecode.swift; path = LDTimerTests.swift; sourceTree = "<group>"; };
		77742AFA1E7E0EF900966689 /* Info.plist */ = {isa = PBXFileReference; lastKnownFileType = text.plist.xml; path = Info.plist; sourceTree = "<group>"; };
		77742AFF1E7E0EF900966689 /* Debate TimerUITests.xctest */ = {isa = PBXFileReference; explicitFileType = wrapper.cfbundle; includeInIndex = 0; path = "Debate TimerUITests.xctest"; sourceTree = BUILT_PRODUCTS_DIR; };
		77742B031E7E0EF900966689 /* LDTimerUITests.swift */ = {isa = PBXFileReference; lastKnownFileType = sourcecode.swift; path = LDTimerUITests.swift; sourceTree = "<group>"; };
		77742B051E7E0EF900966689 /* Info.plist */ = {isa = PBXFileReference; lastKnownFileType = text.plist.xml; path = Info.plist; sourceTree = "<group>"; };
		77742B111E7E18EE00966689 /* MainTimer.swift */ = {isa = PBXFileReference; fileEncoding = 4; lastKnownFileType = sourcecode.swift; path = MainTimer.swift; sourceTree = "<group>"; };
		77742B131E7E299A00966689 /* PrepTime.swift */ = {isa = PBXFileReference; fileEncoding = 4; lastKnownFileType = sourcecode.swift; path = PrepTime.swift; sourceTree = "<group>"; };
		77D168C11E7E6CD800C9D341 /* Alarm-tone.mp3 */ = {isa = PBXFileReference; lastKnownFileType = audio.mp3; path = "Alarm-tone.mp3"; sourceTree = "<group>"; };
/* End PBXFileReference section */

/* Begin PBXFrameworksBuildPhase section */
		77742ADD1E7E0EF900966689 /* Frameworks */ = {
			isa = PBXFrameworksBuildPhase;
			buildActionMask = 2147483647;
			files = (
			);
			runOnlyForDeploymentPostprocessing = 0;
		};
		77742AF11E7E0EF900966689 /* Frameworks */ = {
			isa = PBXFrameworksBuildPhase;
			buildActionMask = 2147483647;
			files = (
			);
			runOnlyForDeploymentPostprocessing = 0;
		};
		77742AFC1E7E0EF900966689 /* Frameworks */ = {
			isa = PBXFrameworksBuildPhase;
			buildActionMask = 2147483647;
			files = (
			);
			runOnlyForDeploymentPostprocessing = 0;
		};
/* End PBXFrameworksBuildPhase section */

/* Begin PBXGroup section */
		77742AD71E7E0EF800966689 = {
			isa = PBXGroup;
			children = (
				77742AE21E7E0EF900966689 /* LDTimer */,
				77742AF71E7E0EF900966689 /* LDTimerTests */,
				77742B021E7E0EF900966689 /* LDTimerUITests */,
				77742AE11E7E0EF900966689 /* Products */,
			);
			sourceTree = "<group>";
		};
		77742AE11E7E0EF900966689 /* Products */ = {
			isa = PBXGroup;
			children = (
				77742AE01E7E0EF900966689 /* Debate Timer.app */,
				77742AF41E7E0EF900966689 /* Debate TimerTests.xctest */,
				77742AFF1E7E0EF900966689 /* Debate TimerUITests.xctest */,
			);
			name = Products;
			sourceTree = "<group>";
		};
		77742AE21E7E0EF900966689 /* LDTimer */ = {
			isa = PBXGroup;
			children = (
				77742AE31E7E0EF900966689 /* AppDelegate.swift */,
				77742AE51E7E0EF900966689 /* ViewController.swift */,
				77742B111E7E18EE00966689 /* MainTimer.swift */,
				77742AE71E7E0EF900966689 /* Main.storyboard */,
				77270D081E7EF585003B06B0 /* GameOver.swift */,
				77742B131E7E299A00966689 /* PrepTime.swift */,
				77742AEA1E7E0EF900966689 /* Assets.xcassets */,
				77742AEC1E7E0EF900966689 /* LaunchScreen.storyboard */,
				77742AEF1E7E0EF900966689 /* Info.plist */,
				77D168C11E7E6CD800C9D341 /* Alarm-tone.mp3 */,
			);
			path = LDTimer;
			sourceTree = "<group>";
		};
		77742AF71E7E0EF900966689 /* LDTimerTests */ = {
			isa = PBXGroup;
			children = (
				77742AF81E7E0EF900966689 /* LDTimerTests.swift */,
				77742AFA1E7E0EF900966689 /* Info.plist */,
			);
			path = LDTimerTests;
			sourceTree = "<group>";
		};
		77742B021E7E0EF900966689 /* LDTimerUITests */ = {
			isa = PBXGroup;
			children = (
				77742B031E7E0EF900966689 /* LDTimerUITests.swift */,
				77742B051E7E0EF900966689 /* Info.plist */,
			);
			path = LDTimerUITests;
			sourceTree = "<group>";
		};
/* End PBXGroup section */

/* Begin PBXNativeTarget section */
		77742ADF1E7E0EF900966689 /* Debate Timer */ = {
			isa = PBXNativeTarget;
			buildConfigurationList = 77742B081E7E0EF900966689 /* Build configuration list for PBXNativeTarget "Debate Timer" */;
			buildPhases = (
				77742ADC1E7E0EF900966689 /* Sources */,
				77742ADD1E7E0EF900966689 /* Frameworks */,
				77742ADE1E7E0EF900966689 /* Resources */,
			);
			buildRules = (
			);
			dependencies = (
			);
			name = "Debate Timer";
			productName = LDTimer;
			productReference = 77742AE01E7E0EF900966689 /* Debate Timer.app */;
			productType = "com.apple.product-type.application";
		};
		77742AF31E7E0EF900966689 /* Debate TimerTests */ = {
			isa = PBXNativeTarget;
			buildConfigurationList = 77742B0B1E7E0EF900966689 /* Build configuration list for PBXNativeTarget "Debate TimerTests" */;
			buildPhases = (
				77742AF01E7E0EF900966689 /* Sources */,
				77742AF11E7E0EF900966689 /* Frameworks */,
				77742AF21E7E0EF900966689 /* Resources */,
			);
			buildRules = (
			);
			dependencies = (
				77742AF61E7E0EF900966689 /* PBXTargetDependency */,
			);
			name = "Debate TimerTests";
			productName = LDTimerTests;
			productReference = 77742AF41E7E0EF900966689 /* Debate TimerTests.xctest */;
			productType = "com.apple.product-type.bundle.unit-test";
		};
		77742AFE1E7E0EF900966689 /* Debate TimerUITests */ = {
			isa = PBXNativeTarget;
			buildConfigurationList = 77742B0E1E7E0EF900966689 /* Build configuration list for PBXNativeTarget "Debate TimerUITests" */;
			buildPhases = (
				77742AFB1E7E0EF900966689 /* Sources */,
				77742AFC1E7E0EF900966689 /* Frameworks */,
				77742AFD1E7E0EF900966689 /* Resources */,
			);
			buildRules = (
			);
			dependencies = (
				77742B011E7E0EF900966689 /* PBXTargetDependency */,
			);
			name = "Debate TimerUITests";
			productName = LDTimerUITests;
			productReference = 77742AFF1E7E0EF900966689 /* Debate TimerUITests.xctest */;
			productType = "com.apple.product-type.bundle.ui-testing";
		};
/* End PBXNativeTarget section */

/* Begin PBXProject section */
		77742AD81E7E0EF900966689 /* Project object */ = {
			isa = PBXProject;
			attributes = {
				LastSwiftUpdateCheck = 0820;
				LastUpgradeCheck = 0820;
				ORGANIZATIONNAME = Kodikos;
				TargetAttributes = {
					77742ADF1E7E0EF900966689 = {
						CreatedOnToolsVersion = 8.2.1;
						DevelopmentTeam = Y5YF33LJBG;
						ProvisioningStyle = Automatic;
					};
					77742AF31E7E0EF900966689 = {
						CreatedOnToolsVersion = 8.2.1;
						ProvisioningStyle = Automatic;
						TestTargetID = 77742ADF1E7E0EF900966689;
					};
					77742AFE1E7E0EF900966689 = {
						CreatedOnToolsVersion = 8.2.1;
						ProvisioningStyle = Automatic;
						TestTargetID = 77742ADF1E7E0EF900966689;
					};
				};
			};
			buildConfigurationList = 77742ADB1E7E0EF900966689 /* Build configuration list for PBXProject "Debate Timer" */;
			compatibilityVersion = "Xcode 3.2";
			developmentRegion = English;
			hasScannedForEncodings = 0;
			knownRegions = (
				en,
				Base,
			);
			mainGroup = 77742AD71E7E0EF800966689;
			productRefGroup = 77742AE11E7E0EF900966689 /* Products */;
			projectDirPath = "";
			projectRoot = "";
			targets = (
				77742ADF1E7E0EF900966689 /* Debate Timer */,
				77742AF31E7E0EF900966689 /* Debate TimerTests */,
				77742AFE1E7E0EF900966689 /* Debate TimerUITests */,
			);
		};
/* End PBXProject section */

/* Begin PBXResourcesBuildPhase section */
		77742ADE1E7E0EF900966689 /* Resources */ = {
			isa = PBXResourcesBuildPhase;
			buildActionMask = 2147483647;
			files = (
				77D168C21E7E6CD800C9D341 /* Alarm-tone.mp3 in Resources */,
				77742AEE1E7E0EF900966689 /* LaunchScreen.storyboard in Resources */,
				77742AEB1E7E0EF900966689 /* Assets.xcassets in Resources */,
				77742AE91E7E0EF900966689 /* Main.storyboard in Resources */,
			);
			runOnlyForDeploymentPostprocessing = 0;
		};
		77742AF21E7E0EF900966689 /* Resources */ = {
			isa = PBXResourcesBuildPhase;
			buildActionMask = 2147483647;
			files = (
			);
			runOnlyForDeploymentPostprocessing = 0;
		};
		77742AFD1E7E0EF900966689 /* Resources */ = {
			isa = PBXResourcesBuildPhase;
			buildActionMask = 2147483647;
			files = (
			);
			runOnlyForDeploymentPostprocessing = 0;
		};
/* End PBXResourcesBuildPhase section */

/* Begin PBXSourcesBuildPhase section */
		77742ADC1E7E0EF900966689 /* Sources */ = {
			isa = PBXSourcesBuildPhase;
			buildActionMask = 2147483647;
			files = (
				77742B121E7E18EE00966689 /* MainTimer.swift in Sources */,
				77742AE61E7E0EF900966689 /* ViewController.swift in Sources */,
				77742AE41E7E0EF900966689 /* AppDelegate.swift in Sources */,
				77270D091E7EF585003B06B0 /* GameOver.swift in Sources */,
				77742B141E7E299A00966689 /* PrepTime.swift in Sources */,
			);
			runOnlyForDeploymentPostprocessing = 0;
		};
		77742AF01E7E0EF900966689 /* Sources */ = {
			isa = PBXSourcesBuildPhase;
			buildActionMask = 2147483647;
			files = (
				77742AF91E7E0EF900966689 /* LDTimerTests.swift in Sources */,
			);
			runOnlyForDeploymentPostprocessing = 0;
		};
		77742AFB1E7E0EF900966689 /* Sources */ = {
			isa = PBXSourcesBuildPhase;
			buildActionMask = 2147483647;
			files = (
				77742B041E7E0EF900966689 /* LDTimerUITests.swift in Sources */,
			);
			runOnlyForDeploymentPostprocessing = 0;
		};
/* End PBXSourcesBuildPhase section */

/* Begin PBXTargetDependency section */
		77742AF61E7E0EF900966689 /* PBXTargetDependency */ = {
			isa = PBXTargetDependency;
			target = 77742ADF1E7E0EF900966689 /* Debate Timer */;
			targetProxy = 77742AF51E7E0EF900966689 /* PBXContainerItemProxy */;
		};
		77742B011E7E0EF900966689 /* PBXTargetDependency */ = {
			isa = PBXTargetDependency;
			target = 77742ADF1E7E0EF900966689 /* Debate Timer */;
			targetProxy = 77742B001E7E0EF900966689 /* PBXContainerItemProxy */;
		};
/* End PBXTargetDependency section */

/* Begin PBXVariantGroup section */
		77742AE71E7E0EF900966689 /* Main.storyboard */ = {
			isa = PBXVariantGroup;
			children = (
				77742AE81E7E0EF900966689 /* Base */,
			);
			name = Main.storyboard;
			sourceTree = "<group>";
		};
		77742AEC1E7E0EF900966689 /* LaunchScreen.storyboard */ = {
			isa = PBXVariantGroup;
			children = (
				77742AED1E7E0EF900966689 /* Base */,
			);
			name = LaunchScreen.storyboard;
			sourceTree = "<group>";
		};
/* End PBXVariantGroup section */

/* Begin XCBuildConfiguration section */
		77742B061E7E0EF900966689 /* Debug */ = {
			isa = XCBuildConfiguration;
			buildSettings = {
				ALWAYS_SEARCH_USER_PATHS = NO;
				CLANG_ANALYZER_NONNULL = YES;
				CLANG_CXX_LANGUAGE_STANDARD = "gnu++0x";
				CLANG_CXX_LIBRARY = "libc++";
				CLANG_ENABLE_MODULES = YES;
				CLANG_ENABLE_OBJC_ARC = YES;
				CLANG_WARN_BOOL_CONVERSION = YES;
				CLANG_WARN_CONSTANT_CONVERSION = YES;
				CLANG_WARN_DIRECT_OBJC_ISA_USAGE = YES_ERROR;
				CLANG_WARN_DOCUMENTATION_COMMENTS = YES;
				CLANG_WARN_EMPTY_BODY = YES;
				CLANG_WARN_ENUM_CONVERSION = YES;
				CLANG_WARN_INFINITE_RECURSION = YES;
				CLANG_WARN_INT_CONVERSION = YES;
				CLANG_WARN_OBJC_ROOT_CLASS = YES_ERROR;
				CLANG_WARN_SUSPICIOUS_MOVE = YES;
				CLANG_WARN_UNREACHABLE_CODE = YES;
				CLANG_WARN__DUPLICATE_METHOD_MATCH = YES;
				CODE_SIGN_IDENTITY = "iPhone Developer";
				"CODE_SIGN_IDENTITY[sdk=iphoneos*]" = "iPhone Developer";
				COPY_PHASE_STRIP = NO;
				DEBUG_INFORMATION_FORMAT = dwarf;
				ENABLE_STRICT_OBJC_MSGSEND = YES;
				ENABLE_TESTABILITY = YES;
				GCC_C_LANGUAGE_STANDARD = gnu99;
				GCC_DYNAMIC_NO_PIC = NO;
				GCC_NO_COMMON_BLOCKS = YES;
				GCC_OPTIMIZATION_LEVEL = 0;
				GCC_PREPROCESSOR_DEFINITIONS = (
					"DEBUG=1",
					"$(inherited)",
				);
				GCC_WARN_64_TO_32_BIT_CONVERSION = YES;
				GCC_WARN_ABOUT_RETURN_TYPE = YES_ERROR;
				GCC_WARN_UNDECLARED_SELECTOR = YES;
				GCC_WARN_UNINITIALIZED_AUTOS = YES_AGGRESSIVE;
				GCC_WARN_UNUSED_FUNCTION = YES;
				GCC_WARN_UNUSED_VARIABLE = YES;
				IPHONEOS_DEPLOYMENT_TARGET = 10.2;
				MTL_ENABLE_DEBUG_INFO = YES;
				ONLY_ACTIVE_ARCH = YES;
				SDKROOT = iphoneos;
				SWIFT_ACTIVE_COMPILATION_CONDITIONS = DEBUG;
				SWIFT_OPTIMIZATION_LEVEL = "-Onone";
				TARGETED_DEVICE_FAMILY = "1,2";
			};
			name = Debug;
		};
		77742B071E7E0EF900966689 /* Release */ = {
			isa = XCBuildConfiguration;
			buildSettings = {
				ALWAYS_SEARCH_USER_PATHS = NO;
				CLANG_ANALYZER_NONNULL = YES;
				CLANG_CXX_LANGUAGE_STANDARD = "gnu++0x";
				CLANG_CXX_LIBRARY = "libc++";
				CLANG_ENABLE_MODULES = YES;
				CLANG_ENABLE_OBJC_ARC = YES;
				CLANG_WARN_BOOL_CONVERSION = YES;
				CLANG_WARN_CONSTANT_CONVERSION = YES;
				CLANG_WARN_DIRECT_OBJC_ISA_USAGE = YES_ERROR;
				CLANG_WARN_DOCUMENTATION_COMMENTS = YES;
				CLANG_WARN_EMPTY_BODY = YES;
				CLANG_WARN_ENUM_CONVERSION = YES;
				CLANG_WARN_INFINITE_RECURSION = YES;
				CLANG_WARN_INT_CONVERSION = YES;
				CLANG_WARN_OBJC_ROOT_CLASS = YES_ERROR;
				CLANG_WARN_SUSPICIOUS_MOVE = YES;
				CLANG_WARN_UNREACHABLE_CODE = YES;
				CLANG_WARN__DUPLICATE_METHOD_MATCH = YES;
				CODE_SIGN_IDENTITY = "iPhone Developer";
				"CODE_SIGN_IDENTITY[sdk=iphoneos*]" = "iPhone Developer";
				COPY_PHASE_STRIP = NO;
				DEBUG_INFORMATION_FORMAT = "dwarf-with-dsym";
				ENABLE_NS_ASSERTIONS = NO;
				ENABLE_STRICT_OBJC_MSGSEND = YES;
				GCC_C_LANGUAGE_STANDARD = gnu99;
				GCC_NO_COMMON_BLOCKS = YES;
				GCC_WARN_64_TO_32_BIT_CONVERSION = YES;
				GCC_WARN_ABOUT_RETURN_TYPE = YES_ERROR;
				GCC_WARN_UNDECLARED_SELECTOR = YES;
				GCC_WARN_UNINITIALIZED_AUTOS = YES_AGGRESSIVE;
				GCC_WARN_UNUSED_FUNCTION = YES;
				GCC_WARN_UNUSED_VARIABLE = YES;
				IPHONEOS_DEPLOYMENT_TARGET = 10.2;
				MTL_ENABLE_DEBUG_INFO = NO;
				SDKROOT = iphoneos;
				SWIFT_OPTIMIZATION_LEVEL = "-Owholemodule";
				TARGETED_DEVICE_FAMILY = "1,2";
				VALIDATE_PRODUCT = YES;
			};
			name = Release;
		};
		77742B091E7E0EF900966689 /* Debug */ = {
			isa = XCBuildConfiguration;
			buildSettings = {
				ASSETCATALOG_COMPILER_APPICON_NAME = AppIcon;
				DEVELOPMENT_TEAM = Y5YF33LJBG;
				INFOPLIST_FILE = LDTimer/Info.plist;
				LD_RUNPATH_SEARCH_PATHS = "$(inherited) @executable_path/Frameworks";
				PRODUCT_BUNDLE_IDENTIFIER = com.Kodikos.DebateTimer;
				PRODUCT_NAME = "$(TARGET_NAME)";
				SWIFT_VERSION = 3.0;
			};
			name = Debug;
		};
		77742B0A1E7E0EF900966689 /* Release */ = {
			isa = XCBuildConfiguration;
			buildSettings = {
				ASSETCATALOG_COMPILER_APPICON_NAME = AppIcon;
				DEVELOPMENT_TEAM = Y5YF33LJBG;
				INFOPLIST_FILE = LDTimer/Info.plist;
				LD_RUNPATH_SEARCH_PATHS = "$(inherited) @executable_path/Frameworks";
				PRODUCT_BUNDLE_IDENTIFIER = com.Kodikos.DebateTimer;
				PRODUCT_NAME = "$(TARGET_NAME)";
				SWIFT_VERSION = 3.0;
			};
			name = Release;
		};
		77742B0C1E7E0EF900966689 /* Debug */ = {
			isa = XCBuildConfiguration;
			buildSettings = {
				ALWAYS_EMBED_SWIFT_STANDARD_LIBRARIES = YES;
				BUNDLE_LOADER = "$(TEST_HOST)";
				INFOPLIST_FILE = LDTimerTests/Info.plist;
				LD_RUNPATH_SEARCH_PATHS = "$(inherited) @executable_path/Frameworks @loader_path/Frameworks";
				PRODUCT_BUNDLE_IDENTIFIER = com.Kodikos.LDTimerTests;
				PRODUCT_NAME = "$(TARGET_NAME)";
				SWIFT_VERSION = 3.0;
				TEST_HOST = "$(BUILT_PRODUCTS_DIR)/Debate Timer.app/Debate Timer";
			};
			name = Debug;
		};
		77742B0D1E7E0EF900966689 /* Release */ = {
			isa = XCBuildConfiguration;
			buildSettings = {
				ALWAYS_EMBED_SWIFT_STANDARD_LIBRARIES = YES;
				BUNDLE_LOADER = "$(TEST_HOST)";
				INFOPLIST_FILE = LDTimerTests/Info.plist;
				LD_RUNPATH_SEARCH_PATHS = "$(inherited) @executable_path/Frameworks @loader_path/Frameworks";
				PRODUCT_BUNDLE_IDENTIFIER = com.Kodikos.LDTimerTests;
				PRODUCT_NAME = "$(TARGET_NAME)";
				SWIFT_VERSION = 3.0;
				TEST_HOST = "$(BUILT_PRODUCTS_DIR)/Debate Timer.app/Debate Timer";
			};
			name = Release;
		};
		77742B0F1E7E0EF900966689 /* Debug */ = {
			isa = XCBuildConfiguration;
			buildSettings = {
				ALWAYS_EMBED_SWIFT_STANDARD_LIBRARIES = YES;
				INFOPLIST_FILE = LDTimerUITests/Info.plist;
				LD_RUNPATH_SEARCH_PATHS = "$(inherited) @executable_path/Frameworks @loader_path/Frameworks";
				PRODUCT_BUNDLE_IDENTIFIER = com.Kodikos.LDTimerUITests;
				PRODUCT_NAME = "$(TARGET_NAME)";
				SWIFT_VERSION = 3.0;
				TEST_TARGET_NAME = LDTimer;
			};
			name = Debug;
		};
		77742B101E7E0EF900966689 /* Release */ = {
			isa = XCBuildConfiguration;
			buildSettings = {
				ALWAYS_EMBED_SWIFT_STANDARD_LIBRARIES = YES;
				INFOPLIST_FILE = LDTimerUITests/Info.plist;
				LD_RUNPATH_SEARCH_PATHS = "$(inherited) @executable_path/Frameworks @loader_path/Frameworks";
				PRODUCT_BUNDLE_IDENTIFIER = com.Kodikos.LDTimerUITests;
				PRODUCT_NAME = "$(TARGET_NAME)";
				SWIFT_VERSION = 3.0;
				TEST_TARGET_NAME = LDTimer;
			};
			name = Release;
		};
/* End XCBuildConfiguration section */

/* Begin XCConfigurationList section */
		77742ADB1E7E0EF900966689 /* Build configuration list for PBXProject "Debate Timer" */ = {
			isa = XCConfigurationList;
			buildConfigurations = (
				77742B061E7E0EF900966689 /* Debug */,
				77742B071E7E0EF900966689 /* Release */,
			);
			defaultConfigurationIsVisible = 0;
			defaultConfigurationName = Release;
		};
		77742B081E7E0EF900966689 /* Build configuration list for PBXNativeTarget "Debate Timer" */ = {
			isa = XCConfigurationList;
			buildConfigurations = (
				77742B091E7E0EF900966689 /* Debug */,
				77742B0A1E7E0EF900966689 /* Release */,
			);
			defaultConfigurationIsVisible = 0;
			defaultConfigurationName = Release;
		};
		77742B0B1E7E0EF900966689 /* Build configuration list for PBXNativeTarget "Debate TimerTests" */ = {
			isa = XCConfigurationList;
			buildConfigurations = (
				77742B0C1E7E0EF900966689 /* Debug */,
				77742B0D1E7E0EF900966689 /* Release */,
			);
			defaultConfigurationIsVisible = 0;
			defaultConfigurationName = Release;
		};
		77742B0E1E7E0EF900966689 /* Build configuration list for PBXNativeTarget "Debate TimerUITests" */ = {
			isa = XCConfigurationList;
			buildConfigurations = (
				77742B0F1E7E0EF900966689 /* Debug */,
				77742B101E7E0EF900966689 /* Release */,
			);
			defaultConfigurationIsVisible = 0;
			defaultConfigurationName = Release;
		};
/* End XCConfigurationList section */
	};
	rootObject = 77742AD81E7E0EF900966689 /* Project object */;
}
